
Microsoft Visual Studio Solution File, Format Version 12.00
# Visual Studio Version 17
VisualStudioVersion = 17.8.34408.163
MinimumVisualStudioVersion = 10.0.40219.1
Project("{FAE04EC0-301F-11D3-BF4B-00C04F79EFBC}") = "SM_API", "SM_API\SM_API.csproj", "{301FE851-FA3F-4AA7-B8AF-788563DA2204}"
EndProject
Global
	GlobalSection(SolutionConfigurationPlatforms) = preSolution
		Debug|Any CPU = Debug|Any CPU
		Release|Any CPU = Release|Any CPU
	EndGlobalSection
	GlobalSection(ProjectConfigurationPlatforms) = postSolution
		{301FE851-FA3F-4AA7-B8AF-788563DA2204}.Debug|Any CPU.ActiveCfg = Debug|Any CPU
		{301FE851-FA3F-4AA7-B8AF-788563DA2204}.Debug|Any CPU.Build.0 = Debug|Any CPU
		{301FE851-FA3F-4AA7-B8AF-788563DA2204}.Release|Any CPU.ActiveCfg = Release|Any CPU
		{301FE851-FA3F-4AA7-B8AF-788563DA2204}.Release|Any CPU.Build.0 = Release|Any CPU
	EndGlobalSection
	GlobalSection(SolutionProperties) = preSolution
		HideSolutionNode = FALSE
	EndGlobalSection
	GlobalSection(ExtensibilityGlobals) = postSolution
		SolutionGuid = {A0E31D58-9A2F-4A86-8560-94C70C07BE0C}
	EndGlobalSection
EndGlobal
